{
  "requires": true,
  "lockfileVersion": 1,
  "dependencies": {
    "jasmin": {
      "version": "0.0.2",
      "resolved": "https://registry.npmjs.org/jasmin/-/jasmin-0.0.2.tgz",
      "integrity": "sha512-DAZ4kUTG6Gko20V4R3mKdaytfmksEqHkuXc8XcoEiqokc67sH+6XyGxVGqOTHYyqDnPib1g0hqAkhXWnZFh8mA=="
    }
  }
}
